<?xml version="1.0" encoding="utf-8"?>
<Project ToolsVersion="4.0" xmlns="http://schemas.microsoft.com/developer/msbuild/2003">
  <ItemGroup>
    <Filter Include="资源文件">
      <UniqueIdentifier>{67DA6AB6-F800-4c08-8B7A-83BB121AAD01}</UniqueIdentifier>
      <Extensions>rc;ico;cur;bmp;dlg;rc2;rct;bin;rgs;gif;jpg;jpeg;jpe;resx;tiff;tif;png;wav;mfcribbon-ms</Extensions>
    </Filter>
    <Filter Include="src">
      <UniqueIdentifier>{15af6df0-86a5-4d65-8074-4c60f653da10}</UniqueIdentifier>
    </Filter>
    <Filter Include="include">
      <UniqueIdentifier>{082db09f-dc08-4ac2-83f5-ba7f1e6f54a0}</UniqueIdentifier>
    </Filter>
  </ItemGroup>
  <ItemGroup>
    <ClCompile Include="..\tolua++\src\bin\toluabind.c">
      <Filter>src</Filter>
    </ClCompile>
    <ClCompile Include="..\tolua++\src\bin\tolua.c">
      <Filter>src</Filter>
    </ClCompile>
  </ItemGroup>
</Project>