
Microsoft Visual Studio Solution File, Format Version 12.00
# Visual Studio 14
VisualStudioVersion = 14.0.24720.0
MinimumVisualStudioVersion = 10.0.40219.1
Project("{8BC9CEB8-8B4A-11D0-8D11-00A0C91BC942}") = "lua-5.4.0", "lua-5.4.0\lua-5.4.0.vcxproj", "{A46BDD91-D644-4CFB-AED8-AB4063C6C4DD}"
EndProject
Project("{8BC9CEB8-8B4A-11D0-8D11-00A0C91BC942}") = "lua-test", "lua-test\lua-test.vcxproj", "{8B18B096-5D0D-47F7-8BEE-D05E50ABA8C9}"
EndProject
Project("{8BC9CEB8-8B4A-11D0-8D11-00A0C91BC942}") = "protobuf-cpp-3.13.0", "protobuf-cpp-3.13.0\protobuf-cpp-3.13.0.vcxproj", "{8AB0BE03-0CEB-4CA4-AD0C-636B298270F2}"
EndProject
Project("{8BC9CEB8-8B4A-11D0-8D11-00A0C91BC942}") = "lua-bind", "lua-bind\lua-bind.vcxproj", "{3AF17D08-D880-451F-BBAC-89316FC02759}"
EndProject
Project("{8BC9CEB8-8B4A-11D0-8D11-00A0C91BC942}") = "tolua++", "tolua++\tolua++.vcxproj", "{4AE95B88-5B7B-43E8-A0DF-506BA8D189A2}"
EndProject
Project("{8BC9CEB8-8B4A-11D0-8D11-00A0C91BC942}") = "lua-5.1", "lua-5.1\lua-5.1.vcxproj", "{0F30358E-F6BB-4210-9435-5971E5DD9391}"
EndProject
Global
	GlobalSection(SolutionConfigurationPlatforms) = preSolution
		Debug|Win32 = Debug|Win32
		Debug|x64 = Debug|x64
		Release|Win32 = Release|Win32
		Release|x64 = Release|x64
	EndGlobalSection
	GlobalSection(ProjectConfigurationPlatforms) = postSolution
		{A46BDD91-D644-4CFB-AED8-AB4063C6C4DD}.Debug|Win32.ActiveCfg = Debug|Win32
		{A46BDD91-D644-4CFB-AED8-AB4063C6C4DD}.Debug|Win32.Build.0 = Debug|Win32
		{A46BDD91-D644-4CFB-AED8-AB4063C6C4DD}.Debug|x64.ActiveCfg = Debug|Win32
		{A46BDD91-D644-4CFB-AED8-AB4063C6C4DD}.Release|Win32.ActiveCfg = Release|Win32
		{A46BDD91-D644-4CFB-AED8-AB4063C6C4DD}.Release|Win32.Build.0 = Release|Win32
		{A46BDD91-D644-4CFB-AED8-AB4063C6C4DD}.Release|x64.ActiveCfg = Release|Win32
		{8B18B096-5D0D-47F7-8BEE-D05E50ABA8C9}.Debug|Win32.ActiveCfg = Debug|Win32
		{8B18B096-5D0D-47F7-8BEE-D05E50ABA8C9}.Debug|Win32.Build.0 = Debug|Win32
		{8B18B096-5D0D-47F7-8BEE-D05E50ABA8C9}.Debug|x64.ActiveCfg = Debug|Win32
		{8B18B096-5D0D-47F7-8BEE-D05E50ABA8C9}.Release|Win32.ActiveCfg = Release|Win32
		{8B18B096-5D0D-47F7-8BEE-D05E50ABA8C9}.Release|Win32.Build.0 = Release|Win32
		{8B18B096-5D0D-47F7-8BEE-D05E50ABA8C9}.Release|x64.ActiveCfg = Release|Win32
		{8AB0BE03-0CEB-4CA4-AD0C-636B298270F2}.Debug|Win32.ActiveCfg = Debug|Win32
		{8AB0BE03-0CEB-4CA4-AD0C-636B298270F2}.Debug|Win32.Build.0 = Debug|Win32
		{8AB0BE03-0CEB-4CA4-AD0C-636B298270F2}.Debug|x64.ActiveCfg = Debug|Win32
		{8AB0BE03-0CEB-4CA4-AD0C-636B298270F2}.Release|Win32.ActiveCfg = Release|Win32
		{8AB0BE03-0CEB-4CA4-AD0C-636B298270F2}.Release|Win32.Build.0 = Release|Win32
		{8AB0BE03-0CEB-4CA4-AD0C-636B298270F2}.Release|x64.ActiveCfg = Release|Win32
		{3AF17D08-D880-451F-BBAC-89316FC02759}.Debug|Win32.ActiveCfg = Debug|Win32
		{3AF17D08-D880-451F-BBAC-89316FC02759}.Debug|Win32.Build.0 = Debug|Win32
		{3AF17D08-D880-451F-BBAC-89316FC02759}.Debug|x64.ActiveCfg = Debug|x64
		{3AF17D08-D880-451F-BBAC-89316FC02759}.Debug|x64.Build.0 = Debug|x64
		{3AF17D08-D880-451F-BBAC-89316FC02759}.Release|Win32.ActiveCfg = Release|Win32
		{3AF17D08-D880-451F-BBAC-89316FC02759}.Release|Win32.Build.0 = Release|Win32
		{3AF17D08-D880-451F-BBAC-89316FC02759}.Release|x64.ActiveCfg = Release|x64
		{3AF17D08-D880-451F-BBAC-89316FC02759}.Release|x64.Build.0 = Release|x64
		{4AE95B88-5B7B-43E8-A0DF-506BA8D189A2}.Debug|Win32.ActiveCfg = Debug|Win32
		{4AE95B88-5B7B-43E8-A0DF-506BA8D189A2}.Debug|Win32.Build.0 = Debug|Win32
		{4AE95B88-5B7B-43E8-A0DF-506BA8D189A2}.Debug|x64.ActiveCfg = Debug|x64
		{4AE95B88-5B7B-43E8-A0DF-506BA8D189A2}.Debug|x64.Build.0 = Debug|x64
		{4AE95B88-5B7B-43E8-A0DF-506BA8D189A2}.Release|Win32.ActiveCfg = Release|Win32
		{4AE95B88-5B7B-43E8-A0DF-506BA8D189A2}.Release|Win32.Build.0 = Release|Win32
		{4AE95B88-5B7B-43E8-A0DF-506BA8D189A2}.Release|x64.ActiveCfg = Release|x64
		{4AE95B88-5B7B-43E8-A0DF-506BA8D189A2}.Release|x64.Build.0 = Release|x64
		{0F30358E-F6BB-4210-9435-5971E5DD9391}.Debug|Win32.ActiveCfg = Debug|Win32
		{0F30358E-F6BB-4210-9435-5971E5DD9391}.Debug|Win32.Build.0 = Debug|Win32
		{0F30358E-F6BB-4210-9435-5971E5DD9391}.Debug|x64.ActiveCfg = Debug|x64
		{0F30358E-F6BB-4210-9435-5971E5DD9391}.Debug|x64.Build.0 = Debug|x64
		{0F30358E-F6BB-4210-9435-5971E5DD9391}.Release|Win32.ActiveCfg = Release|Win32
		{0F30358E-F6BB-4210-9435-5971E5DD9391}.Release|Win32.Build.0 = Release|Win32
		{0F30358E-F6BB-4210-9435-5971E5DD9391}.Release|x64.ActiveCfg = Release|x64
		{0F30358E-F6BB-4210-9435-5971E5DD9391}.Release|x64.Build.0 = Release|x64
	EndGlobalSection
	GlobalSection(SolutionProperties) = preSolution
		HideSolutionNode = FALSE
	EndGlobalSection
EndGlobal
